{
  "version": 4,
  "terraform_version": "1.14.8",
  "serial": 11,
  "lineage": "af64fcfa-f6c4-4af7-41ea-81306f012ca3",
  "outputs": {
    "acr_login_server": {
      "value": "acrragollama.azurecr.io",
      "type": "string"
    },
    "app_url": {
      "value": "https://ca-myproject--8ztcv88.agreeableground-ec430c11.southeastasia.azurecontainerapps.io",
      "type": "string"
    },
    "resource_group_name": {
      "value": "rg-myproject",
      "type": "string"
    }
  },
  "resources": [
    {
      "mode": "managed",
      "type": "azurerm_container_app",
      "name": "main",
      "provider": "provider[\"registry.terraform.io/hashicorp/azurerm\"]",
      "instances": [
        {
          "schema_version": 0,
          "attributes": {
            "container_app_environment_id": "/subscriptions/725fd77c-a44e-4b9a-8ab7-77581856b8c8/resourceGroups/rg-myproject/providers/Microsoft.App/managedEnvironments/cae-myproject",
            "custom_domain_verification_id": "9EB093E937D662E8E96D290656273A51FEB55DBF6773DDA6FBA58C855AEE7724",
            "dapr": [],
            "id": "/subscriptions/725fd77c-a44e-4b9a-8ab7-77581856b8c8/resourceGroups/rg-myproject/providers/Microsoft.App/containerApps/ca-myproject",
            "identity": [],
            "ingress": [
              {
                "allow_insecure_connections": false,
                "custom_domain": [],
                "exposed_port": 0,
                "external_enabled": true,
                "fqdn": "ca-myproject.agreeableground-ec430c11.southeastasia.azurecontainerapps.io",
                "ip_security_restriction": [],
                "target_port": 8000,
                "traffic_weight": [
                  {
                    "label": "",
                    "latest_revision": true,
                    "percentage": 100,
                    "revision_suffix": ""
                  }
                ],
                "transport": "auto"
              }
            ],
            "latest_revision_fqdn": "ca-myproject--8ztcv88.agreeableground-ec430c11.southeastasia.azurecontainerapps.io",
            "latest_revision_name": "ca-myproject--8ztcv88",
            "location": "southeastasia",
            "name": "ca-myproject",
            "outbound_ip_addresses": [
              "20.43.181.103"
            ],
            "registry": [
              {
                "identity": "",
                "password_secret_name": "acr-password",
                "server": "acrragollama.azurecr.io",
                "username": "acrragollama"
              }
            ],
            "resource_group_name": "rg-myproject",
            "revision_mode": "Single",
            "secret": [
              {
                "identity": "",
                "key_vault_secret_id": "",
                "name": "acr-password",
                "value": "2OUz3rBrRjjWgNEaosvmFvyTFHXk3Y7wl2QaJJw6BCRwCd8NtegWJQQJ99CCACqBBLyEqg7NAAACAZCRO4If"
              }
            ],
            "tags": null,
            "template": [
              {
                "azure_queue_scale_rule": [],
                "container": [
                  {
                    "args": null,
                    "command": null,
                    "cpu": 2,
                    "env": [],
                    "ephemeral_storage": "8Gi",
                    "image": "acrragollama.azurecr.io/rag-ollama:latest",
                    "liveness_probe": [],
                    "memory": "4Gi",
                    "name": "rag-ollama",
                    "readiness_probe": [],
                    "startup_probe": [],
                    "volume_mounts": []
                  }
                ],
                "custom_scale_rule": [],
                "http_scale_rule": [],
                "init_container": [],
                "max_replicas": 10,
                "min_replicas": 0,
                "revision_suffix": "",
                "tcp_scale_rule": [],
                "volume": []
              }
            ],
            "timeouts": null,
            "workload_profile_name": ""
          },
          "sensitive_attributes": [
            [
              {
                "type": "get_attr",
                "value": "custom_domain_verification_id"
              }
            ],
            [
              {
                "type": "get_attr",
                "value": "secret"
              }
            ]
          ],
          "identity_schema_version": 0,
          "private": "eyJlMmJmYjczMC1lY2FhLTExZTYtOGY4OC0zNDM2M2JjN2M0YzAiOnsiY3JlYXRlIjoxODAwMDAwMDAwMDAwLCJkZWxldGUiOjE4MDAwMDAwMDAwMDAsInJlYWQiOjMwMDAwMDAwMDAwMCwidXBkYXRlIjoxODAwMDAwMDAwMDAwfX0=",
          "dependencies": [
            "azurerm_container_app_environment.main",
            "azurerm_container_registry.main",
            "azurerm_resource_group.main"
          ]
        }
      ]
    },
    {
      "mode": "managed",
      "type": "azurerm_container_app_environment",
      "name": "main",
      "provider": "provider[\"registry.terraform.io/hashicorp/azurerm\"]",
      "instances": [
        {
          "schema_version": 0,
          "attributes": {
            "custom_domain_verification_id": "9EB093E937D662E8E96D290656273A51FEB55DBF6773DDA6FBA58C855AEE7724",
            "dapr_application_insights_connection_string": "",
            "default_domain": "agreeableground-ec430c11.southeastasia.azurecontainerapps.io",
            "docker_bridge_cidr": "",
            "id": "/subscriptions/725fd77c-a44e-4b9a-8ab7-77581856b8c8/resourceGroups/rg-myproject/providers/Microsoft.App/managedEnvironments/cae-myproject",
            "infrastructure_resource_group_name": "",
            "infrastructure_subnet_id": "",
            "internal_load_balancer_enabled": false,
            "location": "southeastasia",
            "log_analytics_workspace_id": "",
            "mutual_tls_enabled": false,
            "name": "cae-myproject",
            "platform_reserved_cidr": "",
            "platform_reserved_dns_ip_address": "",
            "resource_group_name": "rg-myproject",
            "static_ip_address": "20.184.63.13",
            "tags": {},
            "timeouts": null,
            "workload_profile": [],
            "zone_redundancy_enabled": false
          },
          "sensitive_attributes": [
            [
              {
                "type": "get_attr",
                "value": "dapr_application_insights_connection_string"
              }
            ]
          ],
          "identity_schema_version": 0,
          "private": "eyJlMmJmYjczMC1lY2FhLTExZTYtOGY4OC0zNDM2M2JjN2M0YzAiOnsiY3JlYXRlIjoxODAwMDAwMDAwMDAwLCJkZWxldGUiOjE4MDAwMDAwMDAwMDAsInJlYWQiOjMwMDAwMDAwMDAwMCwidXBkYXRlIjoxODAwMDAwMDAwMDAwfX0=",
          "dependencies": [
            "azurerm_resource_group.main"
          ]
        }
      ]
    },
    {
      "mode": "managed",
      "type": "azurerm_container_registry",
      "name": "main",
      "provider": "provider[\"registry.terraform.io/hashicorp/azurerm\"]",
      "instances": [
        {
          "schema_version": 2,
          "attributes": {
            "admin_enabled": true,
            "admin_password": "2OUz3rBrRjjWgNEaosvmFvyTFHXk3Y7wl2QaJJw6BCRwCd8NtegWJQQJ99CCACqBBLyEqg7NAAACAZCRO4If",
            "admin_username": "acrragollama",
            "anonymous_pull_enabled": false,
            "data_endpoint_enabled": false,
            "encryption": [
              {
                "enabled": false,
                "identity_client_id": "",
                "key_vault_key_id": ""
              }
            ],
            "export_policy_enabled": true,
            "georeplications": [],
            "id": "/subscriptions/725fd77c-a44e-4b9a-8ab7-77581856b8c8/resourceGroups/rg-myproject/providers/Microsoft.ContainerRegistry/registries/acrragollama",
            "identity": [],
            "location": "southeastasia",
            "login_server": "acrragollama.azurecr.io",
            "name": "acrragollama",
            "network_rule_bypass_option": "AzureServices",
            "network_rule_set": [],
            "public_network_access_enabled": true,
            "quarantine_policy_enabled": false,
            "resource_group_name": "rg-myproject",
            "retention_policy": [
              {
                "days": 7,
                "enabled": false
              }
            ],
            "sku": "Basic",
            "tags": {},
            "timeouts": null,
            "trust_policy": [
              {
                "enabled": false
              }
            ],
            "zone_redundancy_enabled": false
          },
          "sensitive_attributes": [
            [
              {
                "type": "get_attr",
                "value": "admin_password"
              }
            ]
          ],
          "identity_schema_version": 0,
          "private": "eyJlMmJmYjczMC1lY2FhLTExZTYtOGY4OC0zNDM2M2JjN2M0YzAiOnsiY3JlYXRlIjoxODAwMDAwMDAwMDAwLCJkZWxldGUiOjE4MDAwMDAwMDAwMDAsInJlYWQiOjMwMDAwMDAwMDAwMCwidXBkYXRlIjoxODAwMDAwMDAwMDAwfSwic2NoZW1hX3ZlcnNpb24iOiIyIn0=",
          "dependencies": [
            "azurerm_resource_group.main"
          ]
        }
      ]
    },
    {
      "mode": "managed",
      "type": "azurerm_resource_group",
      "name": "main",
      "provider": "provider[\"registry.terraform.io/hashicorp/azurerm\"]",
      "instances": [
        {
          "schema_version": 0,
          "attributes": {
            "id": "/subscriptions/725fd77c-a44e-4b9a-8ab7-77581856b8c8/resourceGroups/rg-myproject",
            "location": "southeastasia",
            "managed_by": "",
            "name": "rg-myproject",
            "tags": {
              "environment": "dev",
              "managed_by": "terraform"
            },
            "timeouts": null
          },
          "sensitive_attributes": [],
          "identity_schema_version": 0,
          "private": "eyJlMmJmYjczMC1lY2FhLTExZTYtOGY4OC0zNDM2M2JjN2M0YzAiOnsiY3JlYXRlIjo1NDAwMDAwMDAwMDAwLCJkZWxldGUiOjU0MDAwMDAwMDAwMDAsInJlYWQiOjMwMDAwMDAwMDAwMCwidXBkYXRlIjo1NDAwMDAwMDAwMDAwfX0="
        }
      ]
    }
  ],
  "check_results": null
}
